{
  "lib/chainlink-ccip": {
    "rev": "0e21a8f9dc27904508af7782aa67b5c7cbf2c264"
  },
  "lib/chainlink-evm": {
    "tag": {
      "name": "contracts-v1.5.0",
      "rev": "86aa5a1d34b20eda8d18fe6eb0e4882948e545ba"
    }
  },
  "lib/chainlink-local": {
    "tag": {
      "name": "v0.2.7",
      "rev": "a3ace4e17336e84c4d1261f2da45d5e8963af714"
    }
  },
  "lib/forge-std": {
    "tag": {
      "name": "v1.15.0",
      "rev": "0844d7e1fc5e60d77b68e469bff60265f236c398"
    }
  },
  "lib/openzeppelin-contracts": {
    "tag": {
      "name": "v5.1.0",
      "rev": "69c8def5f222ff96f2b5beff05dfba996368aa79"
    }
  },
  "lib/openzeppelin-contracts-4.8.3": {
    "tag": {
      "name": "v4.8.3",
      "rev": "0a25c1940ca220686588c4af3ec526f725fe2582"
    }
  }
}